
Microsoft Visual Studio Solution File, Format Version 12.00
# Visual Studio Version 17
VisualStudioVersion = 17.5.002.0
MinimumVisualStudioVersion = 10.0.40219.1
Project("{9A19103F-16F7-4668-BE54-9A1E7A4F7556}") = "ÖvningarOExamplar", "ÖvningarOExamplar.csproj", "{8F427307-C524-496B-8875-EA7C9E14859D}"
EndProject
Global
	GlobalSection(SolutionConfigurationPlatforms) = preSolution
		Debug|Any CPU = Debug|Any CPU
		Release|Any CPU = Release|Any CPU
	EndGlobalSection
	GlobalSection(ProjectConfigurationPlatforms) = postSolution
		{8F427307-C524-496B-8875-EA7C9E14859D}.Debug|Any CPU.ActiveCfg = Debug|Any CPU
		{8F427307-C524-496B-8875-EA7C9E14859D}.Debug|Any CPU.Build.0 = Debug|Any CPU
		{8F427307-C524-496B-8875-EA7C9E14859D}.Release|Any CPU.ActiveCfg = Release|Any CPU
		{8F427307-C524-496B-8875-EA7C9E14859D}.Release|Any CPU.Build.0 = Release|Any CPU
	EndGlobalSection
	GlobalSection(SolutionProperties) = preSolution
		HideSolutionNode = FALSE
	EndGlobalSection
	GlobalSection(ExtensibilityGlobals) = postSolution
		SolutionGuid = {CF2CEB97-3A36-4DCD-8C45-A531EEBE00DB}
	EndGlobalSection
EndGlobal
